
Microsoft Visual Studio Solution File, Format Version 12.00
# Visual Studio Version 16
VisualStudioVersion = 16.0.30611.23
MinimumVisualStudioVersion = 10.0.40219.1
Project("{FAE04EC0-301F-11D3-BF4B-00C04F79EFBC}") = "CsvXmlParser", "CsvXmlParser\CsvXmlParser.csproj", "{0D99F57C-FA53-4858-8A86-94B372F36169}"
EndProject
Global
	GlobalSection(SolutionConfigurationPlatforms) = preSolution
		Debug|Any CPU = Debug|Any CPU
		Release|Any CPU = Release|Any CPU
	EndGlobalSection
	GlobalSection(ProjectConfigurationPlatforms) = postSolution
		{0D99F57C-FA53-4858-8A86-94B372F36169}.Debug|Any CPU.ActiveCfg = Debug|Any CPU
		{0D99F57C-FA53-4858-8A86-94B372F36169}.Debug|Any CPU.Build.0 = Debug|Any CPU
		{0D99F57C-FA53-4858-8A86-94B372F36169}.Release|Any CPU.ActiveCfg = Release|Any CPU
		{0D99F57C-FA53-4858-8A86-94B372F36169}.Release|Any CPU.Build.0 = Release|Any CPU
	EndGlobalSection
	GlobalSection(SolutionProperties) = preSolution
		HideSolutionNode = FALSE
	EndGlobalSection
	GlobalSection(ExtensibilityGlobals) = postSolution
		SolutionGuid = {F9D7E321-DAC4-4D42-B55A-DF69CA0740E5}
	EndGlobalSection
EndGlobal
